
Microsoft Visual Studio Solution File, Format Version 12.00
# Visual Studio Version 17
VisualStudioVersion = 17.4.33213.308
MinimumVisualStudioVersion = 10.0.40219.1
Project("{FAE04EC0-301F-11D3-BF4B-00C04F79EFBC}") = "CslAppEFMySQL", "CslAppEFMySQL\CslAppEFMySQL.csproj", "{8B8063C1-1218-465A-B689-11A135C84A1D}"
EndProject
Global
	GlobalSection(SolutionConfigurationPlatforms) = preSolution
		Debug|Any CPU = Debug|Any CPU
		Release|Any CPU = Release|Any CPU
	EndGlobalSection
	GlobalSection(ProjectConfigurationPlatforms) = postSolution
		{8B8063C1-1218-465A-B689-11A135C84A1D}.Debug|Any CPU.ActiveCfg = Debug|Any CPU
		{8B8063C1-1218-465A-B689-11A135C84A1D}.Debug|Any CPU.Build.0 = Debug|Any CPU
		{8B8063C1-1218-465A-B689-11A135C84A1D}.Release|Any CPU.ActiveCfg = Release|Any CPU
		{8B8063C1-1218-465A-B689-11A135C84A1D}.Release|Any CPU.Build.0 = Release|Any CPU
	EndGlobalSection
	GlobalSection(SolutionProperties) = preSolution
		HideSolutionNode = FALSE
	EndGlobalSection
	GlobalSection(ExtensibilityGlobals) = postSolution
		SolutionGuid = {8F1F0235-DCC4-447A-9191-40B3C6227BE7}
	EndGlobalSection
EndGlobal
